
Microsoft Visual Studio Solution File, Format Version 12.00
# Visual Studio Express 2013 for Windows Desktop
VisualStudioVersion = 12.0.40629.0
MinimumVisualStudioVersion = 10.0.40219.1
Project("{FAE04EC0-301F-11D3-BF4B-00C04F79EFBC}") = "Torchhhhhhh", "Torchhhhhhh\Torchhhhhhh.csproj", "{6073D796-D7A5-4DEC-AD74-C09B1C7602BA}"
EndProject
Global
	GlobalSection(SolutionConfigurationPlatforms) = preSolution
		Debug|Any CPU = Debug|Any CPU
		Release|Any CPU = Release|Any CPU
	EndGlobalSection
	GlobalSection(ProjectConfigurationPlatforms) = postSolution
		{6073D796-D7A5-4DEC-AD74-C09B1C7602BA}.Debug|Any CPU.ActiveCfg = Debug|Any CPU
		{6073D796-D7A5-4DEC-AD74-C09B1C7602BA}.Debug|Any CPU.Build.0 = Debug|Any CPU
		{6073D796-D7A5-4DEC-AD74-C09B1C7602BA}.Release|Any CPU.ActiveCfg = Release|Any CPU
		{6073D796-D7A5-4DEC-AD74-C09B1C7602BA}.Release|Any CPU.Build.0 = Release|Any CPU
	EndGlobalSection
	GlobalSection(SolutionProperties) = preSolution
		HideSolutionNode = FALSE
	EndGlobalSection
EndGlobal
